
Microsoft Visual Studio Solution File, Format Version 12.00
# Visual Studio Version 16
VisualStudioVersion = 16.0.31729.503
MinimumVisualStudioVersion = 10.0.40219.1
Project("{9A19103F-16F7-4668-BE54-9A1E7A4F7556}") = "Курсовая", "Курсовая\Курсовая.csproj", "{83EBB92E-AD2B-4D0A-BA5B-0B29FBA310C0}"
EndProject
Project("{2150E333-8FDC-42A3-9474-1A3956D46DE8}") = "Solution Items", "Solution Items", "{27B7AA43-B097-420D-8077-0C69D3B9748A}"
	ProjectSection(SolutionItems) = preProject
		XMLFile1.xml = XMLFile1.xml
	EndProjectSection
EndProject
Global
	GlobalSection(SolutionConfigurationPlatforms) = preSolution
		Debug|Any CPU = Debug|Any CPU
		Release|Any CPU = Release|Any CPU
	EndGlobalSection
	GlobalSection(ProjectConfigurationPlatforms) = postSolution
		{83EBB92E-AD2B-4D0A-BA5B-0B29FBA310C0}.Debug|Any CPU.ActiveCfg = Debug|Any CPU
		{83EBB92E-AD2B-4D0A-BA5B-0B29FBA310C0}.Debug|Any CPU.Build.0 = Debug|Any CPU
		{83EBB92E-AD2B-4D0A-BA5B-0B29FBA310C0}.Release|Any CPU.ActiveCfg = Release|Any CPU
		{83EBB92E-AD2B-4D0A-BA5B-0B29FBA310C0}.Release|Any CPU.Build.0 = Release|Any CPU
	EndGlobalSection
	GlobalSection(SolutionProperties) = preSolution
		HideSolutionNode = FALSE
	EndGlobalSection
	GlobalSection(ExtensibilityGlobals) = postSolution
		SolutionGuid = {00E18F86-AF7E-4E05-B1A3-65195588A5F8}
	EndGlobalSection
EndGlobal
